( globals
   version = 3
   space = 0
# io_order: clockwise | counterclockwise | default: vertical bottom to top; horizontal left to right
   io_order = default
)
 
( row_margin
  ( top
  ( io_row ring_number = 1 margin = 10)
 )
  ( bottom
  ( io_row ring_number = 1 margin = 10)
 )
  ( left
  ( io_row ring_number = 1 margin = 10)
)
  ( right
  ( io_row ring_number = 1 margin = 10)
)
  )
 
#Pads: 

( iopad
   ( topleft
      (locals ring_number = 1)
      ( inst name= "NW")
   )
 
   ( left
      ( locals ring_number = 1)
      ( inst name= "pad_nrst")
      ( inst name= "pad_vdd_dummy")
      ( inst name= "pad_vdd_dummy2")
      ( inst name= "pad_vdd_i1" )
      ( inst name= "pad_vdd_dummy3")
   )

   ( bottomleft
       (locals ring_number = 1)
       ( inst name= "SW")
   )
 
   ( bottom
       ( locals ring_number = 1 )
       ( inst name= "pad_clk")
       ( inst name= "pad_vss_dummy" )
       ( inst name= "pad_vss_dummy2")
       ( inst name= "pad_vss_i1" )
       ( inst name= "pad_vss_dummy3")
   )
   
   ( bottomright
       (locals ring_number = 1)
       ( inst name= "SE" )
   )

   ( right
       ( locals ring_number = 1    )
       ( inst name= "pad_rx")
       ( inst name= "pad_vdd_ior_dummy" )
       ( inst name= "pad_vdd_ior_dummy2")
       ( inst name= "pad_vdd_ior" )
       ( inst name= "pad_vdd_ior_dummy3")
   )

   ( topright
       (locals ring_number = 1)
       ( inst name= "NE")
   )
   ( top
       ( locals ring_number = 1    )
       ( inst name= "pad_tx")
       ( inst name= "pad_vss_ior_dummy")
       ( inst name= "pad_vss_ior_dummy2")
       ( inst name= "pad_vss_ior" )
       ( inst name= "pad_vss_ior_dummy3")
   )
)

