( globals
   version = 3
   space = 0
# io_order: clockwise | counterclockwise | default: vertical bottom to top; horizontal left to right
   io_order = default
)
 
( row_margin
  ( top
  ( io_row ring_number = 1 margin = 50)
 )
  ( bottom
  ( io_row ring_number = 1 margin = 50)
 )
  ( left
  ( io_row ring_number = 1 margin = 50)
)
  ( right
  ( io_row ring_number = 1 margin = 50)
)
  )
 
#Pads: 

( iopad
   ( topleft
     (locals ring_number = 1)
      ( inst name= "NW_padIORINGCORNER")
   )
 
    ( left
      ( locals ring_number = 1)
( inst name= "pad_nrst" place_status = placed)
)

( bottomleft
       (locals ring_number = 1)
       ( inst name= "SW_padIORINGCORNER")
    )
 
 ( bottom
      ( locals ring_number = 1    )
( inst name= "pad_clk" )

( bottomright
       (locals ring_number = 1)
( inst name= "SE_padIORINGCORNER" )
    )

 ( right
      ( locals ring_number = 1    )
( inst name= "pad_rx" )

)

( topright
       (locals ring_number = 1)
( inst name= "NE_padIORINGCORNER")
    )
( top
      ( locals ring_number = 1    )

( inst name= "pad_tx")

)
)

